
Microsoft Visual Studio Solution File, Format Version 12.00
# Visual Studio Version 17
VisualStudioVersion = 17.6.33815.320
MinimumVisualStudioVersion = 10.0.40219.1
Project("{FAE04EC0-301F-11D3-BF4B-00C04F79EFBC}") = "DataGridSQLExample", "DataGridSQLExample\DataGridSQLExample.csproj", "{420A76FD-3B14-4D4D-A27D-FC29450D3478}"
EndProject
Global
	GlobalSection(SolutionConfigurationPlatforms) = preSolution
		Debug|Any CPU = Debug|Any CPU
		Release|Any CPU = Release|Any CPU
	EndGlobalSection
	GlobalSection(ProjectConfigurationPlatforms) = postSolution
		{420A76FD-3B14-4D4D-A27D-FC29450D3478}.Debug|Any CPU.ActiveCfg = Debug|Any CPU
		{420A76FD-3B14-4D4D-A27D-FC29450D3478}.Debug|Any CPU.Build.0 = Debug|Any CPU
		{420A76FD-3B14-4D4D-A27D-FC29450D3478}.Release|Any CPU.ActiveCfg = Release|Any CPU
		{420A76FD-3B14-4D4D-A27D-FC29450D3478}.Release|Any CPU.Build.0 = Release|Any CPU
	EndGlobalSection
	GlobalSection(SolutionProperties) = preSolution
		HideSolutionNode = FALSE
	EndGlobalSection
	GlobalSection(ExtensibilityGlobals) = postSolution
		SolutionGuid = {B3116DE8-1BAE-4E8F-BC33-A3DCE95FB968}
	EndGlobalSection
EndGlobal
